
Microsoft Visual Studio Solution File, Format Version 12.00
# Visual Studio Version 16
VisualStudioVersion = 16.0.31205.134
MinimumVisualStudioVersion = 10.0.40219.1
Project("{FAE04EC0-301F-11D3-BF4B-00C04F79EFBC}") = "TreeListViewSample", "TreeListViewSample\TreeListViewSample.csproj", "{6BEBE3C4-DD64-481C-88BC-C6F511DAE58E}"
EndProject
Global
	GlobalSection(SolutionConfigurationPlatforms) = preSolution
		Debug|Any CPU = Debug|Any CPU
		Release|Any CPU = Release|Any CPU
	EndGlobalSection
	GlobalSection(ProjectConfigurationPlatforms) = postSolution
		{6BEBE3C4-DD64-481C-88BC-C6F511DAE58E}.Debug|Any CPU.ActiveCfg = Debug|Any CPU
		{6BEBE3C4-DD64-481C-88BC-C6F511DAE58E}.Debug|Any CPU.Build.0 = Debug|Any CPU
		{6BEBE3C4-DD64-481C-88BC-C6F511DAE58E}.Release|Any CPU.ActiveCfg = Release|Any CPU
		{6BEBE3C4-DD64-481C-88BC-C6F511DAE58E}.Release|Any CPU.Build.0 = Release|Any CPU
	EndGlobalSection
	GlobalSection(SolutionProperties) = preSolution
		HideSolutionNode = FALSE
	EndGlobalSection
	GlobalSection(ExtensibilityGlobals) = postSolution
		SolutionGuid = {F98A712B-FD6E-43AD-8E5D-066B5AD170AA}
	EndGlobalSection
EndGlobal
